
Microsoft Visual Studio Solution File, Format Version 12.00
# Visual Studio Version 17
VisualStudioVersion = 17.8.34525.116
MinimumVisualStudioVersion = 10.0.40219.1
Project("{FAE04EC0-301F-11D3-BF4B-00C04F79EFBC}") = "ScheduleForStudents", "ScheduleForStudents.csproj", "{A3B83DA0-5AF4-4D86-86DB-41676A9777CF}"
EndProject
Global
	GlobalSection(SolutionConfigurationPlatforms) = preSolution
		Debug|Any CPU = Debug|Any CPU
		Release|Any CPU = Release|Any CPU
	EndGlobalSection
	GlobalSection(ProjectConfigurationPlatforms) = postSolution
		{A3B83DA0-5AF4-4D86-86DB-41676A9777CF}.Debug|Any CPU.ActiveCfg = Debug|Any CPU
		{A3B83DA0-5AF4-4D86-86DB-41676A9777CF}.Debug|Any CPU.Build.0 = Debug|Any CPU
		{A3B83DA0-5AF4-4D86-86DB-41676A9777CF}.Release|Any CPU.ActiveCfg = Release|Any CPU
		{A3B83DA0-5AF4-4D86-86DB-41676A9777CF}.Release|Any CPU.Build.0 = Release|Any CPU
	EndGlobalSection
	GlobalSection(SolutionProperties) = preSolution
		HideSolutionNode = FALSE
	EndGlobalSection
	GlobalSection(ExtensibilityGlobals) = postSolution
		SolutionGuid = {7CB4791B-0A0A-47AB-9F40-6FCB3047A8E6}
	EndGlobalSection
EndGlobal
